
Microsoft Visual Studio Solution File, Format Version 12.00
# Visual Studio Version 17
VisualStudioVersion = 17.11.35431.28
MinimumVisualStudioVersion = 10.0.40219.1
Project("{FAE04EC0-301F-11D3-BF4B-00C04F79EFBC}") = "CollectifyAPI", "CollectifyAPI\CollectifyAPI.csproj", "{6EC59B5D-5CDC-4922-A652-1AC4E1B9AF88}"
EndProject
Project("{FAE04EC0-301F-11D3-BF4B-00C04F79EFBC}") = "CollectifyAPI.Tests", "CollectifyAPI.test\CollectifyAPI.Tests.csproj", "{3467EC4E-4CB7-4F40-8870-907C40FA7F30}"
EndProject
Global
	GlobalSection(SolutionConfigurationPlatforms) = preSolution
		Debug|Any CPU = Debug|Any CPU
		Release|Any CPU = Release|Any CPU
	EndGlobalSection
	GlobalSection(ProjectConfigurationPlatforms) = postSolution
		{6EC59B5D-5CDC-4922-A652-1AC4E1B9AF88}.Debug|Any CPU.ActiveCfg = Debug|Any CPU
		{6EC59B5D-5CDC-4922-A652-1AC4E1B9AF88}.Debug|Any CPU.Build.0 = Debug|Any CPU
		{6EC59B5D-5CDC-4922-A652-1AC4E1B9AF88}.Release|Any CPU.ActiveCfg = Release|Any CPU
		{6EC59B5D-5CDC-4922-A652-1AC4E1B9AF88}.Release|Any CPU.Build.0 = Release|Any CPU
		{3467EC4E-4CB7-4F40-8870-907C40FA7F30}.Debug|Any CPU.ActiveCfg = Debug|Any CPU
		{3467EC4E-4CB7-4F40-8870-907C40FA7F30}.Debug|Any CPU.Build.0 = Debug|Any CPU
		{3467EC4E-4CB7-4F40-8870-907C40FA7F30}.Release|Any CPU.ActiveCfg = Release|Any CPU
		{3467EC4E-4CB7-4F40-8870-907C40FA7F30}.Release|Any CPU.Build.0 = Release|Any CPU
	EndGlobalSection
	GlobalSection(SolutionProperties) = preSolution
		HideSolutionNode = FALSE
	EndGlobalSection
	GlobalSection(ExtensibilityGlobals) = postSolution
		SolutionGuid = {7E1EAF3A-CC23-4F14-94D4-39CBD6C0B635}
	EndGlobalSection
EndGlobal
